
Microsoft Visual Studio Solution File, Format Version 11.00
# Visual Studio 2010
Project("{FAE04EC0-301F-11D3-BF4B-00C04F79EFBC}") = "Assembly-CSharp", "Assembly-CSharp.csproj", "{6BC58AB4-F896-8F5B-7E23-B90E12DEF2B2}"
EndProject
Project("{FAE04EC0-301F-11D3-BF4B-00C04F79EFBC}") = "Assembly-CSharp-Editor", "Assembly-CSharp-Editor.csproj", "{BB70A6AA-DDA8-A9C8-32C2-5974D6A5B9D5}"
EndProject
Global
	GlobalSection(SolutionConfigurationPlatforms) = preSolution
		Debug|Any CPU = Debug|Any CPU
		Release|Any CPU = Release|Any CPU
	EndGlobalSection
	GlobalSection(ProjectConfigurationPlatforms) = postSolution
		{6BC58AB4-F896-8F5B-7E23-B90E12DEF2B2}.Debug|Any CPU.ActiveCfg = Debug|Any CPU
		{6BC58AB4-F896-8F5B-7E23-B90E12DEF2B2}.Debug|Any CPU.Build.0 = Debug|Any CPU
		{6BC58AB4-F896-8F5B-7E23-B90E12DEF2B2}.Release|Any CPU.ActiveCfg = Release|Any CPU
		{6BC58AB4-F896-8F5B-7E23-B90E12DEF2B2}.Release|Any CPU.Build.0 = Release|Any CPU
		{BB70A6AA-DDA8-A9C8-32C2-5974D6A5B9D5}.Debug|Any CPU.ActiveCfg = Debug|Any CPU
		{BB70A6AA-DDA8-A9C8-32C2-5974D6A5B9D5}.Debug|Any CPU.Build.0 = Debug|Any CPU
		{BB70A6AA-DDA8-A9C8-32C2-5974D6A5B9D5}.Release|Any CPU.ActiveCfg = Release|Any CPU
		{BB70A6AA-DDA8-A9C8-32C2-5974D6A5B9D5}.Release|Any CPU.Build.0 = Release|Any CPU
	EndGlobalSection
	GlobalSection(SolutionProperties) = preSolution
		HideSolutionNode = FALSE
	EndGlobalSection
EndGlobal
